// !$*UTF8*$!
{
	archiveVersion = 1;
	classes = {
	};
	objectVersion = 56;
	objects = {

/* Begin PBXBuildFile section */
		9909744C2B0600D900E54913 /* Protocols.swift in Sources */ = {isa = PBXBuildFile; fileRef = 9909744B2B0600D900E54913 /* Protocols.swift */; };
		99980C292B027399007781E7 /* AppDelegate.swift in Sources */ = {isa = PBXBuildFile; fileRef = 99980C282B027399007781E7 /* AppDelegate.swift */; };
		99980C2D2B027399007781E7 /* LoginViewController.swift in Sources */ = {isa = PBXBuildFile; fileRef = 99980C2C2B027399007781E7 /* LoginViewController.swift */; };
		99980C322B02739B007781E7 /* Assets.xcassets in Resources */ = {isa = PBXBuildFile; fileRef = 99980C312B02739B007781E7 /* Assets.xcassets */; };
		99980C352B02739B007781E7 /* LaunchScreen.storyboard in Resources */ = {isa = PBXBuildFile; fileRef = 99980C332B02739B007781E7 /* LaunchScreen.storyboard */; };
		99980C3F2B028198007781E7 /* LoginView.swift in Sources */ = {isa = PBXBuildFile; fileRef = 99980C3E2B028198007781E7 /* LoginView.swift */; };
		99980C492B037B80007781E7 /* Localizable.strings in Resources */ = {isa = PBXBuildFile; fileRef = 99980C4B2B037B80007781E7 /* Localizable.strings */; };
		99980C4E2B037E75007781E7 /* L10n.swift in Sources */ = {isa = PBXBuildFile; fileRef = 99980C4D2B037E75007781E7 /* L10n.swift */; };
		99980C512B03B119007781E7 /* OnboardingContainerViewController.swift in Sources */ = {isa = PBXBuildFile; fileRef = 99980C502B03B119007781E7 /* OnboardingContainerViewController.swift */; };
		99980C532B03CAC4007781E7 /* OnboardingViewController.swift in Sources */ = {isa = PBXBuildFile; fileRef = 99980C522B03CAC4007781E7 /* OnboardingViewController.swift */; };
		99E28A512B063FF200FFB000 /* LocalState.swift in Sources */ = {isa = PBXBuildFile; fileRef = 99E28A502B063FF200FFB000 /* LocalState.swift */; };
		99E28A5B2B064C6A00FFB000 /* MainTabBarController.swift in Sources */ = {isa = PBXBuildFile; fileRef = 99E28A5A2B064C6A00FFB000 /* MainTabBarController.swift */; };
		99E28A5E2B064D4600FFB000 /* SummaryViewController.swift in Sources */ = {isa = PBXBuildFile; fileRef = 99E28A5D2B064D4600FFB000 /* SummaryViewController.swift */; };
		99E28A602B064EDA00FFB000 /* UIViewController+Utils.swift in Sources */ = {isa = PBXBuildFile; fileRef = 99E28A5F2B064EDA00FFB000 /* UIViewController+Utils.swift */; };
		99E28A622B06506D00FFB000 /* Colors.swift in Sources */ = {isa = PBXBuildFile; fileRef = 99E28A612B06506D00FFB000 /* Colors.swift */; };
		99E28A642B06522900FFB000 /* MoveMoneyViewController.swift in Sources */ = {isa = PBXBuildFile; fileRef = 99E28A632B06522900FFB000 /* MoveMoneyViewController.swift */; };
		99E28A662B06523200FFB000 /* MoreViewController.swift in Sources */ = {isa = PBXBuildFile; fileRef = 99E28A652B06523200FFB000 /* MoreViewController.swift */; };
/* End PBXBuildFile section */

/* Begin PBXFileReference section */
		9909744B2B0600D900E54913 /* Protocols.swift */ = {isa = PBXFileReference; lastKnownFileType = sourcecode.swift; path = Protocols.swift; sourceTree = "<group>"; };
		99980C252B027399007781E7 /* Bankey.app */ = {isa = PBXFileReference; explicitFileType = wrapper.application; includeInIndex = 0; path = Bankey.app; sourceTree = BUILT_PRODUCTS_DIR; };
		99980C282B027399007781E7 /* AppDelegate.swift */ = {isa = PBXFileReference; lastKnownFileType = sourcecode.swift; path = AppDelegate.swift; sourceTree = "<group>"; };
		99980C2C2B027399007781E7 /* LoginViewController.swift */ = {isa = PBXFileReference; lastKnownFileType = sourcecode.swift; path = LoginViewController.swift; sourceTree = "<group>"; };
		99980C312B02739B007781E7 /* Assets.xcassets */ = {isa = PBXFileReference; lastKnownFileType = folder.assetcatalog; path = Assets.xcassets; sourceTree = "<group>"; };
		99980C342B02739B007781E7 /* Base */ = {isa = PBXFileReference; lastKnownFileType = file.storyboard; name = Base; path = Base.lproj/LaunchScreen.storyboard; sourceTree = "<group>"; };
		99980C362B02739B007781E7 /* Info.plist */ = {isa = PBXFileReference; lastKnownFileType = text.plist.xml; path = Info.plist; sourceTree = "<group>"; };
		99980C3E2B028198007781E7 /* LoginView.swift */ = {isa = PBXFileReference; lastKnownFileType = sourcecode.swift; path = LoginView.swift; sourceTree = "<group>"; };
		99980C4A2B037B80007781E7 /* en */ = {isa = PBXFileReference; lastKnownFileType = text.plist.strings; name = en; path = en.lproj/Localizable.strings; sourceTree = "<group>"; };
		99980C4C2B037BB2007781E7 /* tr */ = {isa = PBXFileReference; lastKnownFileType = text.plist.strings; name = tr; path = tr.lproj/Localizable.strings; sourceTree = "<group>"; };
		99980C4D2B037E75007781E7 /* L10n.swift */ = {isa = PBXFileReference; lastKnownFileType = sourcecode.swift; path = L10n.swift; sourceTree = "<group>"; };
		99980C502B03B119007781E7 /* OnboardingContainerViewController.swift */ = {isa = PBXFileReference; lastKnownFileType = sourcecode.swift; path = OnboardingContainerViewController.swift; sourceTree = "<group>"; };
		99980C522B03CAC4007781E7 /* OnboardingViewController.swift */ = {isa = PBXFileReference; lastKnownFileType = sourcecode.swift; path = OnboardingViewController.swift; sourceTree = "<group>"; };
		99E28A502B063FF200FFB000 /* LocalState.swift */ = {isa = PBXFileReference; lastKnownFileType = sourcecode.swift; path = LocalState.swift; sourceTree = "<group>"; };
		99E28A5A2B064C6A00FFB000 /* MainTabBarController.swift */ = {isa = PBXFileReference; lastKnownFileType = sourcecode.swift; path = MainTabBarController.swift; sourceTree = "<group>"; };
		99E28A5D2B064D4600FFB000 /* SummaryViewController.swift */ = {isa = PBXFileReference; lastKnownFileType = sourcecode.swift; path = SummaryViewController.swift; sourceTree = "<group>"; };
		99E28A5F2B064EDA00FFB000 /* UIViewController+Utils.swift */ = {isa = PBXFileReference; lastKnownFileType = sourcecode.swift; path = "UIViewController+Utils.swift"; sourceTree = "<group>"; };
		99E28A612B06506D00FFB000 /* Colors.swift */ = {isa = PBXFileReference; lastKnownFileType = sourcecode.swift; path = Colors.swift; sourceTree = "<group>"; };
		99E28A632B06522900FFB000 /* MoveMoneyViewController.swift */ = {isa = PBXFileReference; lastKnownFileType = sourcecode.swift; path = MoveMoneyViewController.swift; sourceTree = "<group>"; };
		99E28A652B06523200FFB000 /* MoreViewController.swift */ = {isa = PBXFileReference; lastKnownFileType = sourcecode.swift; path = MoreViewController.swift; sourceTree = "<group>"; };
/* End PBXFileReference section */

/* Begin PBXFrameworksBuildPhase section */
		99980C222B027399007781E7 /* Frameworks */ = {
			isa = PBXFrameworksBuildPhase;
			buildActionMask = 2147483647;
			files = (
			);
			runOnlyForDeploymentPostprocessing = 0;
		};
/* End PBXFrameworksBuildPhase section */

/* Begin PBXGroup section */
		99980C1C2B027399007781E7 = {
			isa = PBXGroup;
			children = (
				99980C272B027399007781E7 /* Bankey */,
				99980C262B027399007781E7 /* Products */,
			);
			sourceTree = "<group>";
		};
		99980C262B027399007781E7 /* Products */ = {
			isa = PBXGroup;
			children = (
				99980C252B027399007781E7 /* Bankey.app */,
			);
			name = Products;
			sourceTree = "<group>";
		};
		99980C272B027399007781E7 /* Bankey */ = {
			isa = PBXGroup;
			children = (
				99980C282B027399007781E7 /* AppDelegate.swift */,
				99E28A552B0644A800FFB000 /* Controller */,
				99E28A542B06449A00FFB000 /* View */,
				99E28A532B06449000FFB000 /* ViewModel */,
				99E28A522B06448B00FFB000 /* Model */,
				99E28A4E2B063FD500FFB000 /* Utils */,
				99980C3C2B027F4B007781E7 /* Resources */,
			);
			path = Bankey;
			sourceTree = "<group>";
		};
		99980C3C2B027F4B007781E7 /* Resources */ = {
			isa = PBXGroup;
			children = (
				99980C312B02739B007781E7 /* Assets.xcassets */,
				99980C332B02739B007781E7 /* LaunchScreen.storyboard */,
				99980C362B02739B007781E7 /* Info.plist */,
			);
			name = Resources;
			sourceTree = "<group>";
		};
		99E28A4E2B063FD500FFB000 /* Utils */ = {
			isa = PBXGroup;
			children = (
				99980C4D2B037E75007781E7 /* L10n.swift */,
				99980C4B2B037B80007781E7 /* Localizable.strings */,
				99E28A502B063FF200FFB000 /* LocalState.swift */,
				9909744B2B0600D900E54913 /* Protocols.swift */,
				99E28A5F2B064EDA00FFB000 /* UIViewController+Utils.swift */,
				99E28A612B06506D00FFB000 /* Colors.swift */,
			);
			path = Utils;
			sourceTree = "<group>";
		};
		99E28A522B06448B00FFB000 /* Model */ = {
			isa = PBXGroup;
			children = (
			);
			path = Model;
			sourceTree = "<group>";
		};
		99E28A532B06449000FFB000 /* ViewModel */ = {
			isa = PBXGroup;
			children = (
			);
			path = ViewModel;
			sourceTree = "<group>";
		};
		99E28A542B06449A00FFB000 /* View */ = {
			isa = PBXGroup;
			children = (
				99980C3E2B028198007781E7 /* LoginView.swift */,
			);
			path = View;
			sourceTree = "<group>";
		};
		99E28A552B0644A800FFB000 /* Controller */ = {
			isa = PBXGroup;
			children = (
				99E28A562B0644D800FFB000 /* Core */,
				99E28A5C2B064C9100FFB000 /* Login */,
				99E28A572B0644E700FFB000 /* Other */,
			);
			path = Controller;
			sourceTree = "<group>";
		};
		99E28A562B0644D800FFB000 /* Core */ = {
			isa = PBXGroup;
			children = (
				99E28A5A2B064C6A00FFB000 /* MainTabBarController.swift */,
				99E28A5D2B064D4600FFB000 /* SummaryViewController.swift */,
				99E28A632B06522900FFB000 /* MoveMoneyViewController.swift */,
				99E28A652B06523200FFB000 /* MoreViewController.swift */,
			);
			path = Core;
			sourceTree = "<group>";
		};
		99E28A572B0644E700FFB000 /* Other */ = {
			isa = PBXGroup;
			children = (
			);
			path = Other;
			sourceTree = "<group>";
		};
		99E28A5C2B064C9100FFB000 /* Login */ = {
			isa = PBXGroup;
			children = (
				99980C2C2B027399007781E7 /* LoginViewController.swift */,
				99980C522B03CAC4007781E7 /* OnboardingViewController.swift */,
				99980C502B03B119007781E7 /* OnboardingContainerViewController.swift */,
			);
			path = Login;
			sourceTree = "<group>";
		};
/* End PBXGroup section */

/* Begin PBXNativeTarget section */
		99980C242B027399007781E7 /* Bankey */ = {
			isa = PBXNativeTarget;
			buildConfigurationList = 99980C392B02739B007781E7 /* Build configuration list for PBXNativeTarget "Bankey" */;
			buildPhases = (
				99980C212B027399007781E7 /* Sources */,
				99980C222B027399007781E7 /* Frameworks */,
				99980C232B027399007781E7 /* Resources */,
			);
			buildRules = (
			);
			dependencies = (
			);
			name = Bankey;
			productName = Bankey;
			productReference = 99980C252B027399007781E7 /* Bankey.app */;
			productType = "com.apple.product-type.application";
		};
/* End PBXNativeTarget section */

/* Begin PBXProject section */
		99980C1D2B027399007781E7 /* Project object */ = {
			isa = PBXProject;
			attributes = {
				BuildIndependentTargetsInParallel = 1;
				LastSwiftUpdateCheck = 1430;
				LastUpgradeCheck = 1430;
				TargetAttributes = {
					99980C242B027399007781E7 = {
						CreatedOnToolsVersion = 14.3.1;
					};
				};
			};
			buildConfigurationList = 99980C202B027399007781E7 /* Build configuration list for PBXProject "Bankey" */;
			compatibilityVersion = "Xcode 14.0";
			developmentRegion = en;
			hasScannedForEncodings = 0;
			knownRegions = (
				en,
				Base,
				tr,
			);
			mainGroup = 99980C1C2B027399007781E7;
			productRefGroup = 99980C262B027399007781E7 /* Products */;
			projectDirPath = "";
			projectRoot = "";
			targets = (
				99980C242B027399007781E7 /* Bankey */,
			);
		};
/* End PBXProject section */

/* Begin PBXResourcesBuildPhase section */
		99980C232B027399007781E7 /* Resources */ = {
			isa = PBXResourcesBuildPhase;
			buildActionMask = 2147483647;
			files = (
				99980C492B037B80007781E7 /* Localizable.strings in Resources */,
				99980C352B02739B007781E7 /* LaunchScreen.storyboard in Resources */,
				99980C322B02739B007781E7 /* Assets.xcassets in Resources */,
			);
			runOnlyForDeploymentPostprocessing = 0;
		};
/* End PBXResourcesBuildPhase section */

/* Begin PBXSourcesBuildPhase section */
		99980C212B027399007781E7 /* Sources */ = {
			isa = PBXSourcesBuildPhase;
			buildActionMask = 2147483647;
			files = (
				99E28A662B06523200FFB000 /* MoreViewController.swift in Sources */,
				99980C4E2B037E75007781E7 /* L10n.swift in Sources */,
				99E28A512B063FF200FFB000 /* LocalState.swift in Sources */,
				99E28A5B2B064C6A00FFB000 /* MainTabBarController.swift in Sources */,
				99980C532B03CAC4007781E7 /* OnboardingViewController.swift in Sources */,
				99E28A642B06522900FFB000 /* MoveMoneyViewController.swift in Sources */,
				99E28A5E2B064D4600FFB000 /* SummaryViewController.swift in Sources */,
				9909744C2B0600D900E54913 /* Protocols.swift in Sources */,
				99980C3F2B028198007781E7 /* LoginView.swift in Sources */,
				99980C2D2B027399007781E7 /* LoginViewController.swift in Sources */,
				99E28A622B06506D00FFB000 /* Colors.swift in Sources */,
				99E28A602B064EDA00FFB000 /* UIViewController+Utils.swift in Sources */,
				99980C512B03B119007781E7 /* OnboardingContainerViewController.swift in Sources */,
				99980C292B027399007781E7 /* AppDelegate.swift in Sources */,
			);
			runOnlyForDeploymentPostprocessing = 0;
		};
/* End PBXSourcesBuildPhase section */

/* Begin PBXVariantGroup section */
		99980C332B02739B007781E7 /* LaunchScreen.storyboard */ = {
			isa = PBXVariantGroup;
			children = (
				99980C342B02739B007781E7 /* Base */,
			);
			name = LaunchScreen.storyboard;
			sourceTree = "<group>";
		};
		99980C4B2B037B80007781E7 /* Localizable.strings */ = {
			isa = PBXVariantGroup;
			children = (
				99980C4A2B037B80007781E7 /* en */,
				99980C4C2B037BB2007781E7 /* tr */,
			);
			name = Localizable.strings;
			sourceTree = "<group>";
		};
/* End PBXVariantGroup section */

/* Begin XCBuildConfiguration section */
		99980C372B02739B007781E7 /* Debug */ = {
			isa = XCBuildConfiguration;
			buildSettings = {
				ALWAYS_SEARCH_USER_PATHS = NO;
				CLANG_ANALYZER_LOCALIZABILITY_NONLOCALIZED = YES;
				CLANG_ANALYZER_NONNULL = YES;
				CLANG_ANALYZER_NUMBER_OBJECT_CONVERSION = YES_AGGRESSIVE;
				CLANG_CXX_LANGUAGE_STANDARD = "gnu++20";
				CLANG_ENABLE_MODULES = YES;
				CLANG_ENABLE_OBJC_ARC = YES;
				CLANG_ENABLE_OBJC_WEAK = YES;
				CLANG_WARN_BLOCK_CAPTURE_AUTORELEASING = YES;
				CLANG_WARN_BOOL_CONVERSION = YES;
				CLANG_WARN_COMMA = YES;
				CLANG_WARN_CONSTANT_CONVERSION = YES;
				CLANG_WARN_DEPRECATED_OBJC_IMPLEMENTATIONS = YES;
				CLANG_WARN_DIRECT_OBJC_ISA_USAGE = YES_ERROR;
				CLANG_WARN_DOCUMENTATION_COMMENTS = YES;
				CLANG_WARN_EMPTY_BODY = YES;
				CLANG_WARN_ENUM_CONVERSION = YES;
				CLANG_WARN_INFINITE_RECURSION = YES;
				CLANG_WARN_INT_CONVERSION = YES;
				CLANG_WARN_NON_LITERAL_NULL_CONVERSION = YES;
				CLANG_WARN_OBJC_IMPLICIT_RETAIN_SELF = YES;
				CLANG_WARN_OBJC_LITERAL_CONVERSION = YES;
				CLANG_WARN_OBJC_ROOT_CLASS = YES_ERROR;
				CLANG_WARN_QUOTED_INCLUDE_IN_FRAMEWORK_HEADER = YES;
				CLANG_WARN_RANGE_LOOP_ANALYSIS = YES;
				CLANG_WARN_STRICT_PROTOTYPES = YES;
				CLANG_WARN_SUSPICIOUS_MOVE = YES;
				CLANG_WARN_UNGUARDED_AVAILABILITY = YES_AGGRESSIVE;
				CLANG_WARN_UNREACHABLE_CODE = YES;
				CLANG_WARN__DUPLICATE_METHOD_MATCH = YES;
				COPY_PHASE_STRIP = NO;
				DEBUG_INFORMATION_FORMAT = dwarf;
				ENABLE_STRICT_OBJC_MSGSEND = YES;
				ENABLE_TESTABILITY = YES;
				GCC_C_LANGUAGE_STANDARD = gnu11;
				GCC_DYNAMIC_NO_PIC = NO;
				GCC_NO_COMMON_BLOCKS = YES;
				GCC_OPTIMIZATION_LEVEL = 0;
				GCC_PREPROCESSOR_DEFINITIONS = (
					"DEBUG=1",
					"$(inherited)",
				);
				GCC_WARN_64_TO_32_BIT_CONVERSION = YES;
				GCC_WARN_ABOUT_RETURN_TYPE = YES_ERROR;
				GCC_WARN_UNDECLARED_SELECTOR = YES;
				GCC_WARN_UNINITIALIZED_AUTOS = YES_AGGRESSIVE;
				GCC_WARN_UNUSED_FUNCTION = YES;
				GCC_WARN_UNUSED_VARIABLE = YES;
				IPHONEOS_DEPLOYMENT_TARGET = 16.4;
				MTL_ENABLE_DEBUG_INFO = INCLUDE_SOURCE;
				MTL_FAST_MATH = YES;
				ONLY_ACTIVE_ARCH = YES;
				SDKROOT = iphoneos;
				SWIFT_ACTIVE_COMPILATION_CONDITIONS = DEBUG;
				SWIFT_OPTIMIZATION_LEVEL = "-Onone";
			};
			name = Debug;
		};
		99980C382B02739B007781E7 /* Release */ = {
			isa = XCBuildConfiguration;
			buildSettings = {
				ALWAYS_SEARCH_USER_PATHS = NO;
				CLANG_ANALYZER_LOCALIZABILITY_NONLOCALIZED = YES;
				CLANG_ANALYZER_NONNULL = YES;
				CLANG_ANALYZER_NUMBER_OBJECT_CONVERSION = YES_AGGRESSIVE;
				CLANG_CXX_LANGUAGE_STANDARD = "gnu++20";
				CLANG_ENABLE_MODULES = YES;
				CLANG_ENABLE_OBJC_ARC = YES;
				CLANG_ENABLE_OBJC_WEAK = YES;
				CLANG_WARN_BLOCK_CAPTURE_AUTORELEASING = YES;
				CLANG_WARN_BOOL_CONVERSION = YES;
				CLANG_WARN_COMMA = YES;
				CLANG_WARN_CONSTANT_CONVERSION = YES;
				CLANG_WARN_DEPRECATED_OBJC_IMPLEMENTATIONS = YES;
				CLANG_WARN_DIRECT_OBJC_ISA_USAGE = YES_ERROR;
				CLANG_WARN_DOCUMENTATION_COMMENTS = YES;
				CLANG_WARN_EMPTY_BODY = YES;
				CLANG_WARN_ENUM_CONVERSION = YES;
				CLANG_WARN_INFINITE_RECURSION = YES;
				CLANG_WARN_INT_CONVERSION = YES;
				CLANG_WARN_NON_LITERAL_NULL_CONVERSION = YES;
				CLANG_WARN_OBJC_IMPLICIT_RETAIN_SELF = YES;
				CLANG_WARN_OBJC_LITERAL_CONVERSION = YES;
				CLANG_WARN_OBJC_ROOT_CLASS = YES_ERROR;
				CLANG_WARN_QUOTED_INCLUDE_IN_FRAMEWORK_HEADER = YES;
				CLANG_WARN_RANGE_LOOP_ANALYSIS = YES;
				CLANG_WARN_STRICT_PROTOTYPES = YES;
				CLANG_WARN_SUSPICIOUS_MOVE = YES;
				CLANG_WARN_UNGUARDED_AVAILABILITY = YES_AGGRESSIVE;
				CLANG_WARN_UNREACHABLE_CODE = YES;
				CLANG_WARN__DUPLICATE_METHOD_MATCH = YES;
				COPY_PHASE_STRIP = NO;
				DEBUG_INFORMATION_FORMAT = "dwarf-with-dsym";
				ENABLE_NS_ASSERTIONS = NO;
				ENABLE_STRICT_OBJC_MSGSEND = YES;
				GCC_C_LANGUAGE_STANDARD = gnu11;
				GCC_NO_COMMON_BLOCKS = YES;
				GCC_WARN_64_TO_32_BIT_CONVERSION = YES;
				GCC_WARN_ABOUT_RETURN_TYPE = YES_ERROR;
				GCC_WARN_UNDECLARED_SELECTOR = YES;
				GCC_WARN_UNINITIALIZED_AUTOS = YES_AGGRESSIVE;
				GCC_WARN_UNUSED_FUNCTION = YES;
				GCC_WARN_UNUSED_VARIABLE = YES;
				IPHONEOS_DEPLOYMENT_TARGET = 16.4;
				MTL_ENABLE_DEBUG_INFO = NO;
				MTL_FAST_MATH = YES;
				SDKROOT = iphoneos;
				SWIFT_COMPILATION_MODE = wholemodule;
				SWIFT_OPTIMIZATION_LEVEL = "-O";
				VALIDATE_PRODUCT = YES;
			};
			name = Release;
		};
		99980C3A2B02739B007781E7 /* Debug */ = {
			isa = XCBuildConfiguration;
			buildSettings = {
				ASSETCATALOG_COMPILER_APPICON_NAME = AppIcon;
				ASSETCATALOG_COMPILER_GLOBAL_ACCENT_COLOR_NAME = AccentColor;
				CODE_SIGN_STYLE = Automatic;
				CURRENT_PROJECT_VERSION = 1;
				GENERATE_INFOPLIST_FILE = YES;
				INFOPLIST_FILE = Bankey/Info.plist;
				INFOPLIST_KEY_UIApplicationSupportsIndirectInputEvents = YES;
				INFOPLIST_KEY_UILaunchStoryboardName = LaunchScreen;
				INFOPLIST_KEY_UISupportedInterfaceOrientations_iPad = "UIInterfaceOrientationPortrait UIInterfaceOrientationPortraitUpsideDown UIInterfaceOrientationLandscapeLeft UIInterfaceOrientationLandscapeRight";
				INFOPLIST_KEY_UISupportedInterfaceOrientations_iPhone = "UIInterfaceOrientationPortrait UIInterfaceOrientationLandscapeLeft UIInterfaceOrientationLandscapeRight";
				LD_RUNPATH_SEARCH_PATHS = (
					"$(inherited)",
					"@executable_path/Frameworks",
				);
				MARKETING_VERSION = 1.0;
				PRODUCT_BUNDLE_IDENTIFIER = arda.buyukhatipoglu.Bankey;
				PRODUCT_NAME = "$(TARGET_NAME)";
				SWIFT_EMIT_LOC_STRINGS = YES;
				SWIFT_VERSION = 5.0;
				TARGETED_DEVICE_FAMILY = "1,2";
			};
			name = Debug;
		};
		99980C3B2B02739B007781E7 /* Release */ = {
			isa = XCBuildConfiguration;
			buildSettings = {
				ASSETCATALOG_COMPILER_APPICON_NAME = AppIcon;
				ASSETCATALOG_COMPILER_GLOBAL_ACCENT_COLOR_NAME = AccentColor;
				CODE_SIGN_STYLE = Automatic;
				CURRENT_PROJECT_VERSION = 1;
				GENERATE_INFOPLIST_FILE = YES;
				INFOPLIST_FILE = Bankey/Info.plist;
				INFOPLIST_KEY_UIApplicationSupportsIndirectInputEvents = YES;
				INFOPLIST_KEY_UILaunchStoryboardName = LaunchScreen;
				INFOPLIST_KEY_UISupportedInterfaceOrientations_iPad = "UIInterfaceOrientationPortrait UIInterfaceOrientationPortraitUpsideDown UIInterfaceOrientationLandscapeLeft UIInterfaceOrientationLandscapeRight";
				INFOPLIST_KEY_UISupportedInterfaceOrientations_iPhone = "UIInterfaceOrientationPortrait UIInterfaceOrientationLandscapeLeft UIInterfaceOrientationLandscapeRight";
				LD_RUNPATH_SEARCH_PATHS = (
					"$(inherited)",
					"@executable_path/Frameworks",
				);
				MARKETING_VERSION = 1.0;
				PRODUCT_BUNDLE_IDENTIFIER = arda.buyukhatipoglu.Bankey;
				PRODUCT_NAME = "$(TARGET_NAME)";
				SWIFT_EMIT_LOC_STRINGS = YES;
				SWIFT_VERSION = 5.0;
				TARGETED_DEVICE_FAMILY = "1,2";
			};
			name = Release;
		};
/* End XCBuildConfiguration section */

/* Begin XCConfigurationList section */
		99980C202B027399007781E7 /* Build configuration list for PBXProject "Bankey" */ = {
			isa = XCConfigurationList;
			buildConfigurations = (
				99980C372B02739B007781E7 /* Debug */,
				99980C382B02739B007781E7 /* Release */,
			);
			defaultConfigurationIsVisible = 0;
			defaultConfigurationName = Release;
		};
		99980C392B02739B007781E7 /* Build configuration list for PBXNativeTarget "Bankey" */ = {
			isa = XCConfigurationList;
			buildConfigurations = (
				99980C3A2B02739B007781E7 /* Debug */,
				99980C3B2B02739B007781E7 /* Release */,
			);
			defaultConfigurationIsVisible = 0;
			defaultConfigurationName = Release;
		};
/* End XCConfigurationList section */
	};
	rootObject = 99980C1D2B027399007781E7 /* Project object */;
}
